<?xml version="1.0" encoding="utf-8"?>
<Project ToolsVersion="4.0" xmlns="http://schemas.microsoft.com/developer/msbuild/2003">
  <ItemGroup>
    <ClInclude Include="stdafx.h" />
    <ClInclude Include="Systems\Keyboard.h">
      <Filter>Systems</Filter>
    </ClInclude>
    <ClInclude Include="Renders\Shader.h">
      <Filter>Renders</Filter>
    </ClInclude>
    <ClInclude Include="Systems\Time.h">
      <Filter>Systems</Filter>
    </ClInclude>
    <ClInclude Include="Systems\Device.h">
      <Filter>Systems</Filter>
    </ClInclude>
    <ClInclude Include="Renders\Sprite.h">
      <Filter>Renders</Filter>
    </ClInclude>
    <ClInclude Include="Utilities\Math.h">
      <Filter>Utilities</Filter>
    </ClInclude>
    <ClInclude Include="Renders\Clip.h">
      <Filter>Renders</Filter>
    </ClInclude>
    <ClInclude Include="Renders\Animation.h">
      <Filter>Renders</Filter>
    </ClInclude>
    <ClInclude Include="Viewer\Camera.h">
      <Filter>Viewer</Filter>
    </ClInclude>
    <ClInclude Include="Viewer\Freedom.h">
      <Filter>Viewer</Filter>
    </ClInclude>
    <ClInclude Include="Viewer\Following.h">
      <Filter>Viewer</Filter>
    </ClInclude>
    <ClInclude Include="Viewer\IFollowing.h">
      <Filter>Viewer</Filter>
    </ClInclude>
    <ClInclude Include="Systems\DirectWrite.h">
      <Filter>Systems</Filter>
    </ClInclude>
    <ClInclude Include="Collider\Collider.h">
      <Filter>Collider</Filter>
    </ClInclude>
    <ClInclude Include="Scenes\Scene.h">
      <Filter>Scenes</Filter>
    </ClInclude>
    <ClInclude Include="Systems\Mouse.h">
      <Filter>Systems</Filter>
    </ClInclude>
    <ClInclude Include="Utilities\BinaryFile.h">
      <Filter>Utilities</Filter>
    </ClInclude>
    <ClInclude Include="Utilities\Path.h">
      <Filter>Utilities</Filter>
    </ClInclude>
    <ClInclude Include="Utilities\Xml.h">
      <Filter>Utilities</Filter>
    </ClInclude>
    <ClInclude Include="Utilities\String.h">
      <Filter>Utilities</Filter>
    </ClInclude>
    <ClInclude Include="Systems\SoundTool.h">
      <Filter>Systems</Filter>
    </ClInclude>
    <ClInclude Include="Objects\JumpStatic.h">
      <Filter>Objects\Actor</Filter>
    </ClInclude>
    <ClInclude Include="Collider\LineCollider.h">
      <Filter>Collider</Filter>
    </ClInclude>
    <ClInclude Include="Renders\Line.h">
      <Filter>Renders</Filter>
    </ClInclude>
    <ClInclude Include="Renders\Canvas.h">
      <Filter>Renders</Filter>
    </ClInclude>
    <ClInclude Include="Viewer\RenderTarget.h">
      <Filter>Viewer</Filter>
    </ClInclude>
    <ClInclude Include="Scenes\S13_JumpStaticDemo.h">
      <Filter>Scenes\Pofol</Filter>
    </ClInclude>
    <ClInclude Include="Objects\Player.h">
      <Filter>Objects</Filter>
    </ClInclude>
    <ClInclude Include="Objects\PlayerMove.h">
      <Filter>Objects</Filter>
    </ClInclude>
    <ClInclude Include="Objects\Slime.h">
      <Filter>Objects</Filter>
    </ClInclude>
    <ClInclude Include="Objects\SlimeShader.h" />
  </ItemGroup>
  <ItemGroup>
    <ClCompile Include="stdafx.cpp" />
    <ClCompile Include="Systems\Keyboard.cpp">
      <Filter>Systems</Filter>
    </ClCompile>
    <ClCompile Include="Renders\Shader.cpp">
      <Filter>Renders</Filter>
    </ClCompile>
    <ClCompile Include="Systems\Time.cpp">
      <Filter>Systems</Filter>
    </ClCompile>
    <ClCompile Include="Systems\Device.cpp">
      <Filter>Systems</Filter>
    </ClCompile>
    <ClCompile Include="Renders\Sprite.cpp">
      <Filter>Renders</Filter>
    </ClCompile>
    <ClCompile Include="Utilities\Math.cpp">
      <Filter>Utilities</Filter>
    </ClCompile>
    <ClCompile Include="Renders\Clip.cpp">
      <Filter>Renders</Filter>
    </ClCompile>
    <ClCompile Include="Renders\Animation.cpp">
      <Filter>Renders</Filter>
    </ClCompile>
    <ClCompile Include="Viewer\Camera.cpp">
      <Filter>Viewer</Filter>
    </ClCompile>
    <ClCompile Include="Viewer\Freedom.cpp">
      <Filter>Viewer</Filter>
    </ClCompile>
    <ClCompile Include="Viewer\Following.cpp">
      <Filter>Viewer</Filter>
    </ClCompile>
    <ClCompile Include="Systems\DirectWrite.cpp">
      <Filter>Systems</Filter>
    </ClCompile>
    <ClCompile Include="Collider\Collider.cpp">
      <Filter>Collider</Filter>
    </ClCompile>
    <ClCompile Include="Main.cpp" />
    <ClCompile Include="Systems\Mouse.cpp">
      <Filter>Systems</Filter>
    </ClCompile>
    <ClCompile Include="Utilities\BinaryFile.cpp">
      <Filter>Utilities</Filter>
    </ClCompile>
    <ClCompile Include="Utilities\Path.cpp">
      <Filter>Utilities</Filter>
    </ClCompile>
    <ClCompile Include="Utilities\Xml.cpp">
      <Filter>Utilities</Filter>
    </ClCompile>
    <ClCompile Include="Utilities\String.cpp">
      <Filter>Utilities</Filter>
    </ClCompile>
    <ClCompile Include="Systems\SoundTool.cpp">
      <Filter>Systems</Filter>
    </ClCompile>
    <ClCompile Include="Objects\JumpStatic.cpp">
      <Filter>Objects\Actor</Filter>
    </ClCompile>
    <ClCompile Include="Collider\LineCollider.cpp">
      <Filter>Collider</Filter>
    </ClCompile>
    <ClCompile Include="Renders\Line.cpp">
      <Filter>Renders</Filter>
    </ClCompile>
    <ClCompile Include="Renders\Canvas.cpp">
      <Filter>Renders</Filter>
    </ClCompile>
    <ClCompile Include="Viewer\RenderTarget.cpp">
      <Filter>Viewer</Filter>
    </ClCompile>
    <ClCompile Include="Scenes\S13_JumpStaticDemo.cpp">
      <Filter>Scenes\Pofol</Filter>
    </ClCompile>
    <ClCompile Include="Objects\Player.cpp">
      <Filter>Objects</Filter>
    </ClCompile>
    <ClCompile Include="Objects\PlayerMove.cpp">
      <Filter>Objects</Filter>
    </ClCompile>
    <ClCompile Include="Objects\Slime.cpp">
      <Filter>Objects</Filter>
    </ClCompile>
    <ClCompile Include="Objects\SlimeShader.cpp">
      <Filter>Objects</Filter>
    </ClCompile>
  </ItemGroup>
  <ItemGroup>
    <Filter Include="Systems">
      <UniqueIdentifier>{6587e6f8-a741-44b9-80e1-b4d2be8f82cb}</UniqueIdentifier>
    </Filter>
    <Filter Include="Renders">
      <UniqueIdentifier>{d79f1b68-f782-4a64-96ed-0244e0a3a06e}</UniqueIdentifier>
    </Filter>
    <Filter Include="Utilities">
      <UniqueIdentifier>{540f0b4f-6369-4a10-adab-ffe0cb3c1801}</UniqueIdentifier>
    </Filter>
    <Filter Include="_Shaders">
      <UniqueIdentifier>{bd6b7ed6-d0c7-4ecd-948a-2f98adad9fd3}</UniqueIdentifier>
    </Filter>
    <Filter Include="Objects">
      <UniqueIdentifier>{fb53f8e8-253d-439d-93a4-88c13380f4c8}</UniqueIdentifier>
    </Filter>
    <Filter Include="Viewer">
      <UniqueIdentifier>{cbe1172d-e8ce-4bc4-856d-f1b04164b2cd}</UniqueIdentifier>
    </Filter>
    <Filter Include="Collider">
      <UniqueIdentifier>{fa531cd8-f3f1-45c7-a2a2-97dc812d09b9}</UniqueIdentifier>
    </Filter>
    <Filter Include="Scenes">
      <UniqueIdentifier>{1a63eee9-65dc-4435-abfe-0e6c8ff6079d}</UniqueIdentifier>
    </Filter>
    <Filter Include="Objects\Actor">
      <UniqueIdentifier>{f4a82cb3-4f0a-4f4b-bd7a-688125cae140}</UniqueIdentifier>
    </Filter>
    <Filter Include="Scenes\Pofol">
      <UniqueIdentifier>{beaf4d9f-0c1d-435b-b996-c0cc99c6f85e}</UniqueIdentifier>
    </Filter>
  </ItemGroup>
  <ItemGroup>
    <None Include="_Shaders\Effect.fx">
      <Filter>_Shaders</Filter>
    </None>
    <None Include="_Shaders\Bounding.fx">
      <Filter>_Shaders</Filter>
    </None>
    <None Include="_Shaders\Line.fx">
      <Filter>_Shaders</Filter>
    </None>
    <None Include="_Shaders\Canvas.fx">
      <Filter>_Shaders</Filter>
    </None>
    <None Include="_Shaders\SkyRect.fx">
      <Filter>_Shaders</Filter>
    </None>
    <None Include="_Shaders\Global.fx">
      <Filter>_Shaders</Filter>
    </None>
    <None Include="_Shaders\Rect.fx">
      <Filter>_Shaders</Filter>
    </None>
  </ItemGroup>
</Project>